
Microsoft Visual Studio Solution File, Format Version 12.00
# Visual Studio Version 17
VisualStudioVersion = 17.9.34616.47
MinimumVisualStudioVersion = 10.0.40219.1
Project("{FAE04EC0-301F-11D3-BF4B-00C04F79EFBC}") = "DemoApp1", "DemoApp1\DemoApp1.csproj", "{54D9E900-5581-49EB-906D-67E76AFC8564}"
EndProject
Global
	GlobalSection(SolutionConfigurationPlatforms) = preSolution
		Debug|Any CPU = Debug|Any CPU
		Release|Any CPU = Release|Any CPU
	EndGlobalSection
	GlobalSection(ProjectConfigurationPlatforms) = postSolution
		{54D9E900-5581-49EB-906D-67E76AFC8564}.Debug|Any CPU.ActiveCfg = Debug|Any CPU
		{54D9E900-5581-49EB-906D-67E76AFC8564}.Debug|Any CPU.Build.0 = Debug|Any CPU
		{54D9E900-5581-49EB-906D-67E76AFC8564}.Release|Any CPU.ActiveCfg = Release|Any CPU
		{54D9E900-5581-49EB-906D-67E76AFC8564}.Release|Any CPU.Build.0 = Release|Any CPU
	EndGlobalSection
	GlobalSection(SolutionProperties) = preSolution
		HideSolutionNode = FALSE
	EndGlobalSection
	GlobalSection(ExtensibilityGlobals) = postSolution
		SolutionGuid = {C076FF1B-CB5D-40F5-B6EF-EDA16607679A}
	EndGlobalSection
EndGlobal
